
Microsoft Visual Studio Solution File, Format Version 12.00
# Visual Studio 15
VisualStudioVersion = 15.0.28010.2046
MinimumVisualStudioVersion = 10.0.40219.1
Project("{FAE04EC0-301F-11D3-BF4B-00C04F79EFBC}") = "Travel.Backend.Console", "Travel.Backend.Console\Travel.Backend.Console.csproj", "{2D7F5097-82C0-4744-854B-A638F21E9FFC}"
EndProject
Project("{FAE04EC0-301F-11D3-BF4B-00C04F79EFBC}") = "Travel.Database", "Travel.Database\Travel.Database.csproj", "{8375F4BE-629A-4EAD-AA0A-410DB1C44EE9}"
EndProject
Project("{FAE04EC0-301F-11D3-BF4B-00C04F79EFBC}") = "Travel.Facebook", "Travel.Facebook\Travel.Facebook.csproj", "{E7E1B1A0-0573-43BE-856C-EA91395F7540}"
EndProject
Global
	GlobalSection(SolutionConfigurationPlatforms) = preSolution
		Debug|Any CPU = Debug|Any CPU
		Release|Any CPU = Release|Any CPU
	EndGlobalSection
	GlobalSection(ProjectConfigurationPlatforms) = postSolution
		{2D7F5097-82C0-4744-854B-A638F21E9FFC}.Debug|Any CPU.ActiveCfg = Debug|Any CPU
		{2D7F5097-82C0-4744-854B-A638F21E9FFC}.Debug|Any CPU.Build.0 = Debug|Any CPU
		{2D7F5097-82C0-4744-854B-A638F21E9FFC}.Release|Any CPU.ActiveCfg = Release|Any CPU
		{2D7F5097-82C0-4744-854B-A638F21E9FFC}.Release|Any CPU.Build.0 = Release|Any CPU
		{8375F4BE-629A-4EAD-AA0A-410DB1C44EE9}.Debug|Any CPU.ActiveCfg = Debug|Any CPU
		{8375F4BE-629A-4EAD-AA0A-410DB1C44EE9}.Debug|Any CPU.Build.0 = Debug|Any CPU
		{8375F4BE-629A-4EAD-AA0A-410DB1C44EE9}.Release|Any CPU.ActiveCfg = Release|Any CPU
		{8375F4BE-629A-4EAD-AA0A-410DB1C44EE9}.Release|Any CPU.Build.0 = Release|Any CPU
		{E7E1B1A0-0573-43BE-856C-EA91395F7540}.Debug|Any CPU.ActiveCfg = Debug|Any CPU
		{E7E1B1A0-0573-43BE-856C-EA91395F7540}.Debug|Any CPU.Build.0 = Debug|Any CPU
		{E7E1B1A0-0573-43BE-856C-EA91395F7540}.Release|Any CPU.ActiveCfg = Release|Any CPU
		{E7E1B1A0-0573-43BE-856C-EA91395F7540}.Release|Any CPU.Build.0 = Release|Any CPU
	EndGlobalSection
	GlobalSection(SolutionProperties) = preSolution
		HideSolutionNode = FALSE
	EndGlobalSection
	GlobalSection(ExtensibilityGlobals) = postSolution
		SolutionGuid = {784D4605-ADE1-4B02-8DAD-36D55331D78A}
	EndGlobalSection
EndGlobal
